lockfileVersion: '6.0'

settings:
  autoInstallPeers: true
  excludeLinksFromLockfile: false

dependencies:
  '@axiom-crypto/client':
    specifier: 2.0.6
    version: 2.0.6(typescript@5.3.3)
  dotenv:
    specifier: ^16.3.1
    version: 16.3.1
  ethers:
    specifier: ^6.10.0
    version: 6.10.0

devDependencies:
  tsx:
    specifier: ^4.7.0
    version: 4.7.0
  typescript:
    specifier: ^5.3.3
    version: 5.3.3

packages:

  /@adraffy/ens-normalize@1.10.0:
    resolution: {integrity: sha512-nA9XHtlAkYfJxY7bce8DcN7eKxWWCWkU+1GR9d+U6MbNpfwQp8TI7vqOsBsMcHoT4mBu2kypKoSKnghEzOOq5Q==}
    dev: false

  /@axiom-crypto/circuit@2.0.6(typescript@5.3.3):
    resolution: {integrity: sha512-zAs0FPtPc8uKX8kt1q8+bX89fJO+z1L017Dp6jkknMpM88psiXk4bDXNTvGPv5mDRq+xoiXbsSx1tGX/I0YtPQ==}
    dependencies:
      '@axiom-crypto/core': 2.3.7
      '@axiom-crypto/halo2-lib-js': 0.3.4
      '@axiom-crypto/halo2-wasm': 0.3.4
      '@axiom-crypto/tools': 2.1.0
      commander: 11.1.0
      ethers: 6.10.0
      viem: 1.21.4(typescript@5.3.3)
    transitivePeerDependencies:
      - bufferutil
      - debug
      - typescript
      - utf-8-validate
      - zod
    dev: false

  /@axiom-crypto/client@2.0.6(typescript@5.3.3):
    resolution: {integrity: sha512-jFqHOtYqV5g8J6E8mejQv3DCdmaK/9vO6ghZVZc7Ny3bGAnitfqLRbaE8PMouhVEGV9dOksLsvHkEwCz2nmsPw==}
    hasBin: true
    dependencies:
      '@axiom-crypto/circuit': 2.0.6(typescript@5.3.3)
      '@axiom-crypto/core': 2.3.7
      chalk: 4.1.2
      commander: 11.1.0
      prompts: 2.4.2
      viem: 2.7.8(typescript@5.3.3)
    transitivePeerDependencies:
      - bufferutil
      - debug
      - typescript
      - utf-8-validate
      - zod
    dev: false

  /@axiom-crypto/core@2.3.7:
    resolution: {integrity: sha512-ioY5rkmQLYsHbnp9FUhAx2HfBovBLxdpPfRGkpAavHWoojo2aplWzBp9FXfyeGn2X0MMwX9RrP+Ir5inx1SXcA==}
    dependencies:
      '@axiom-crypto/tools': 2.1.0
      axios: 1.6.7
      bs58: 5.0.0
      ethers: 6.10.0
      merkletreejs: 0.3.11
    transitivePeerDependencies:
      - bufferutil
      - debug
      - utf-8-validate
    dev: false

  /@axiom-crypto/halo2-lib-js@0.3.4:
    resolution: {integrity: sha512-E/i7EqlcvjcfXZejL8HcpvFQIIMJxcMrVBXsdaDJGgEXVc6pEDJ07Hy3drLbhQ007ZJ8aultw3HSfD9gJRkh4w==}
    dependencies:
      '@axiom-crypto/halo2-wasm': 0.3.4
      ethers: 6.10.0
      prettier: 1.18.2
    transitivePeerDependencies:
      - bufferutil
      - utf-8-validate
    dev: false

  /@axiom-crypto/halo2-wasm@0.3.4:
    resolution: {integrity: sha512-SUHXnydtx5rY0gQ2zWy0Br6L3iaAFo5RH/AMnOCSM4Nb3inqinBEnXQgEPZ45+EFmeOfRi1xOVUBdo6keZlacQ==}
    dev: false

  /@axiom-crypto/tools@2.1.0:
    resolution: {integrity: sha512-kuW4y+OcbHoYviCBNnpbkCYd4FRaewFMitq5N5CDOdt4CNHamlQ2HNxLU00t2yD3oFZyjmMRVU4aGLkFoyNSAg==}
    dependencies:
      axios: 1.6.7
      bs58: 5.0.0
      ethers: 6.10.0
      form-data: 4.0.0
    transitivePeerDependencies:
      - bufferutil
      - debug
      - utf-8-validate
    dev: false

  /@esbuild/aix-ppc64@0.19.11:
    resolution: {integrity: sha512-FnzU0LyE3ySQk7UntJO4+qIiQgI7KoODnZg5xzXIrFJlKd2P2gwHsHY4927xj9y5PJmJSzULiUCWmv7iWnNa7g==}
    engines: {node: '>=12'}
    cpu: [ppc64]
    os: [aix]
    requiresBuild: true
    dev: true
    optional: true

  /@esbuild/android-arm64@0.19.11:
    resolution: {integrity: sha512-aiu7K/5JnLj//KOnOfEZ0D90obUkRzDMyqd/wNAUQ34m4YUPVhRZpnqKV9uqDGxT7cToSDnIHsGooyIczu9T+Q==}
    engines: {node: '>=12'}
    cpu: [arm64]
    os: [android]
    requiresBuild: true
    dev: true
    optional: true

  /@esbuild/android-arm@0.19.11:
    resolution: {integrity: sha512-5OVapq0ClabvKvQ58Bws8+wkLCV+Rxg7tUVbo9xu034Nm536QTII4YzhaFriQ7rMrorfnFKUsArD2lqKbFY4vw==}
    engines: {node: '>=12'}
    cpu: [arm]
    os: [android]
    requiresBuild: true
    dev: true
    optional: true

  /@esbuild/android-x64@0.19.11:
    resolution: {integrity: sha512-eccxjlfGw43WYoY9QgB82SgGgDbibcqyDTlk3l3C0jOVHKxrjdc9CTwDUQd0vkvYg5um0OH+GpxYvp39r+IPOg==}
    engines: {node: '>=12'}
    cpu: [x64]
    os: [android]
    requiresBuild: true
    dev: true
    optional: true

  /@esbuild/darwin-arm64@0.19.11:
    resolution: {integrity: sha512-ETp87DRWuSt9KdDVkqSoKoLFHYTrkyz2+65fj9nfXsaV3bMhTCjtQfw3y+um88vGRKRiF7erPrh/ZuIdLUIVxQ==}
    engines: {node: '>=12'}
    cpu: [arm64]
    os: [darwin]
    requiresBuild: true
    dev: true
    optional: true

  /@esbuild/darwin-x64@0.19.11:
    resolution: {integrity: sha512-fkFUiS6IUK9WYUO/+22omwetaSNl5/A8giXvQlcinLIjVkxwTLSktbF5f/kJMftM2MJp9+fXqZ5ezS7+SALp4g==}
    engines: {node: '>=12'}
    cpu: [x64]
    os: [darwin]
    requiresBuild: true
    dev: true
    optional: true

  /@esbuild/freebsd-arm64@0.19.11:
    resolution: {integrity: sha512-lhoSp5K6bxKRNdXUtHoNc5HhbXVCS8V0iZmDvyWvYq9S5WSfTIHU2UGjcGt7UeS6iEYp9eeymIl5mJBn0yiuxA==}
    engines: {node: '>=12'}
    cpu: [arm64]
    os: [freebsd]
    requiresBuild: true
    dev: true
    optional: true

  /@esbuild/freebsd-x64@0.19.11:
    resolution: {integrity: sha512-JkUqn44AffGXitVI6/AbQdoYAq0TEullFdqcMY/PCUZ36xJ9ZJRtQabzMA+Vi7r78+25ZIBosLTOKnUXBSi1Kw==}
    engines: {node: '>=12'}
    cpu: [x64]
    os: [freebsd]
    requiresBuild: true
    dev: true
    optional: true

  /@esbuild/linux-arm64@0.19.11:
    resolution: {integrity: sha512-LneLg3ypEeveBSMuoa0kwMpCGmpu8XQUh+mL8XXwoYZ6Be2qBnVtcDI5azSvh7vioMDhoJFZzp9GWp9IWpYoUg==}
    engines: {node: '>=12'}
    cpu: [arm64]
    os: [linux]
    requiresBuild: true
    dev: true
    optional: true

  /@esbuild/linux-arm@0.19.11:
    resolution: {integrity: sha512-3CRkr9+vCV2XJbjwgzjPtO8T0SZUmRZla+UL1jw+XqHZPkPgZiyWvbDvl9rqAN8Zl7qJF0O/9ycMtjU67HN9/Q==}
    engines: {node: '>=12'}
    cpu: [arm]
    os: [linux]
    requiresBuild: true
    dev: true
    optional: true

  /@esbuild/linux-ia32@0.19.11:
    resolution: {integrity: sha512-caHy++CsD8Bgq2V5CodbJjFPEiDPq8JJmBdeyZ8GWVQMjRD0sU548nNdwPNvKjVpamYYVL40AORekgfIubwHoA==}
    engines: {node: '>=12'}
    cpu: [ia32]
    os: [linux]
    requiresBuild: true
    dev: true
    optional: true

  /@esbuild/linux-loong64@0.19.11:
    resolution: {integrity: sha512-ppZSSLVpPrwHccvC6nQVZaSHlFsvCQyjnvirnVjbKSHuE5N24Yl8F3UwYUUR1UEPaFObGD2tSvVKbvR+uT1Nrg==}
    engines: {node: '>=12'}
    cpu: [loong64]
    os: [linux]
    requiresBuild: true
    dev: true
    optional: true

  /@esbuild/linux-mips64el@0.19.11:
    resolution: {integrity: sha512-B5x9j0OgjG+v1dF2DkH34lr+7Gmv0kzX6/V0afF41FkPMMqaQ77pH7CrhWeR22aEeHKaeZVtZ6yFwlxOKPVFyg==}
    engines: {node: '>=12'}
    cpu: [mips64el]
    os: [linux]
    requiresBuild: true
    dev: true
    optional: true

  /@esbuild/linux-ppc64@0.19.11:
    resolution: {integrity: sha512-MHrZYLeCG8vXblMetWyttkdVRjQlQUb/oMgBNurVEnhj4YWOr4G5lmBfZjHYQHHN0g6yDmCAQRR8MUHldvvRDA==}
    engines: {node: '>=12'}
    cpu: [ppc64]
    os: [linux]
    requiresBuild: true
    dev: true
    optional: true

  /@esbuild/linux-riscv64@0.19.11:
    resolution: {integrity: sha512-f3DY++t94uVg141dozDu4CCUkYW+09rWtaWfnb3bqe4w5NqmZd6nPVBm+qbz7WaHZCoqXqHz5p6CM6qv3qnSSQ==}
    engines: {node: '>=12'}
    cpu: [riscv64]
    os: [linux]
    requiresBuild: true
    dev: true
    optional: true

  /@esbuild/linux-s390x@0.19.11:
    resolution: {integrity: sha512-A5xdUoyWJHMMlcSMcPGVLzYzpcY8QP1RtYzX5/bS4dvjBGVxdhuiYyFwp7z74ocV7WDc0n1harxmpq2ePOjI0Q==}
    engines: {node: '>=12'}
    cpu: [s390x]
    os: [linux]
    requiresBuild: true
    dev: true
    optional: true

  /@esbuild/linux-x64@0.19.11:
    resolution: {integrity: sha512-grbyMlVCvJSfxFQUndw5mCtWs5LO1gUlwP4CDi4iJBbVpZcqLVT29FxgGuBJGSzyOxotFG4LoO5X+M1350zmPA==}
    engines: {node: '>=12'}
    cpu: [x64]
    os: [linux]
    requiresBuild: true
    dev: true
    optional: true

  /@esbuild/netbsd-x64@0.19.11:
    resolution: {integrity: sha512-13jvrQZJc3P230OhU8xgwUnDeuC/9egsjTkXN49b3GcS5BKvJqZn86aGM8W9pd14Kd+u7HuFBMVtrNGhh6fHEQ==}
    engines: {node: '>=12'}
    cpu: [x64]
    os: [netbsd]
    requiresBuild: true
    dev: true
    optional: true

  /@esbuild/openbsd-x64@0.19.11:
    resolution: {integrity: sha512-ysyOGZuTp6SNKPE11INDUeFVVQFrhcNDVUgSQVDzqsqX38DjhPEPATpid04LCoUr2WXhQTEZ8ct/EgJCUDpyNw==}
    engines: {node: '>=12'}
    cpu: [x64]
    os: [openbsd]
    requiresBuild: true
    dev: true
    optional: true

  /@esbuild/sunos-x64@0.19.11:
    resolution: {integrity: sha512-Hf+Sad9nVwvtxy4DXCZQqLpgmRTQqyFyhT3bZ4F2XlJCjxGmRFF0Shwn9rzhOYRB61w9VMXUkxlBy56dk9JJiQ==}
    engines: {node: '>=12'}
    cpu: [x64]
    os: [sunos]
    requiresBuild: true
    dev: true
    optional: true

  /@esbuild/win32-arm64@0.19.11:
    resolution: {integrity: sha512-0P58Sbi0LctOMOQbpEOvOL44Ne0sqbS0XWHMvvrg6NE5jQ1xguCSSw9jQeUk2lfrXYsKDdOe6K+oZiwKPilYPQ==}
    engines: {node: '>=12'}
    cpu: [arm64]
    os: [win32]
    requiresBuild: true
    dev: true
    optional: true

  /@esbuild/win32-ia32@0.19.11:
    resolution: {integrity: sha512-6YOrWS+sDJDmshdBIQU+Uoyh7pQKrdykdefC1avn76ss5c+RN6gut3LZA4E2cH5xUEp5/cA0+YxRaVtRAb0xBg==}
    engines: {node: '>=12'}
    cpu: [ia32]
    os: [win32]
    requiresBuild: true
    dev: true
    optional: true

  /@esbuild/win32-x64@0.19.11:
    resolution: {integrity: sha512-vfkhltrjCAb603XaFhqhAF4LGDi2M4OrCRrFusyQ+iTLQ/o60QQXxc9cZC/FFpihBI9N1Grn6SMKVJ4KP7Fuiw==}
    engines: {node: '>=12'}
    cpu: [x64]
    os: [win32]
    requiresBuild: true
    dev: true
    optional: true

  /@ethereumjs/rlp@4.0.1:
    resolution: {integrity: sha512-tqsQiBQDQdmPWE1xkkBq4rlSW5QZpLOUJ5RJh2/9fug+q9tnUhuZoVLk7s0scUIKTOzEtR72DFBXI4WiZcMpvw==}
    engines: {node: '>=14'}
    hasBin: true
    dev: false

  /@ethereumjs/util@8.1.0:
    resolution: {integrity: sha512-zQ0IqbdX8FZ9aw11vP+dZkKDkS+kgIvQPHnSAXzP9pLu+Rfu3D3XEeLbicvoXJTYnhZiPmsZUxgdzXwNKxRPbA==}
    engines: {node: '>=14'}
    dependencies:
      '@ethereumjs/rlp': 4.0.1
      ethereum-cryptography: 2.1.3
      micro-ftch: 0.3.1
    dev: false

  /@noble/curves@1.2.0:
    resolution: {integrity: sha512-oYclrNgRaM9SsBUBVbb8M6DTV7ZHRTKugureoYEncY5c65HOmRzvSiTE3y5CYaPYJA/GVkrhXEoF0M3Ya9PMnw==}
    dependencies:
      '@noble/hashes': 1.3.2
    dev: false

  /@noble/curves@1.3.0:
    resolution: {integrity: sha512-t01iSXPuN+Eqzb4eBX0S5oubSqXbK/xXa1Ne18Hj8f9pStxztHCE2gfboSp/dZRLSqfuLpRK2nDXDK+W9puocA==}
    dependencies:
      '@noble/hashes': 1.3.3
    dev: false

  /@noble/hashes@1.3.2:
    resolution: {integrity: sha512-MVC8EAQp7MvEcm30KWENFjgR+Mkmf+D189XJTkFIlwohU5hcBbn1ZkKq7KVTi2Hme3PMGF390DaL52beVrIihQ==}
    engines: {node: '>= 16'}
    dev: false

  /@noble/hashes@1.3.3:
    resolution: {integrity: sha512-V7/fPHgl+jsVPXqqeOzT8egNj2iBIVt+ECeMMG8TdcnTikP3oaBtUVqpT/gYCR68aEBJSF+XbYUxStjbFMqIIA==}
    engines: {node: '>= 16'}
    dev: false

  /@scure/base@1.1.5:
    resolution: {integrity: sha512-Brj9FiG2W1MRQSTB212YVPRrcbjkv48FoZi/u4l/zds/ieRrqsh7aUf6CLwkAq61oKXr/ZlTzlY66gLIj3TFTQ==}
    dev: false

  /@scure/bip32@1.3.2:
    resolution: {integrity: sha512-N1ZhksgwD3OBlwTv3R6KFEcPojl/W4ElJOeCZdi+vuI5QmTFwLq3OFf2zd2ROpKvxFdgZ6hUpb0dx9bVNEwYCA==}
    dependencies:
      '@noble/curves': 1.2.0
      '@noble/hashes': 1.3.3
      '@scure/base': 1.1.5
    dev: false

  /@scure/bip32@1.3.3:
    resolution: {integrity: sha512-LJaN3HwRbfQK0X1xFSi0Q9amqOgzQnnDngIt+ZlsBC3Bm7/nE7K0kwshZHyaru79yIVRv/e1mQAjZyuZG6jOFQ==}
    dependencies:
      '@noble/curves': 1.3.0
      '@noble/hashes': 1.3.3
      '@scure/base': 1.1.5
    dev: false

  /@scure/bip39@1.2.1:
    resolution: {integrity: sha512-Z3/Fsz1yr904dduJD0NpiyRHhRYHdcnyh73FZWiV+/qhWi83wNJ3NWolYqCEN+ZWsUz2TWwajJggcRE9r1zUYg==}
    dependencies:
      '@noble/hashes': 1.3.3
      '@scure/base': 1.1.5
    dev: false

  /@scure/bip39@1.2.2:
    resolution: {integrity: sha512-HYf9TUXG80beW+hGAt3TRM8wU6pQoYur9iNypTROm42dorCGmLnFe3eWjz3gOq6G62H2WRh0FCzAR1PI+29zIA==}
    dependencies:
      '@noble/hashes': 1.3.3
      '@scure/base': 1.1.5
    dev: false

  /@types/node@18.15.13:
    resolution: {integrity: sha512-N+0kuo9KgrUQ1Sn/ifDXsvg0TTleP7rIy4zOBGECxAljqvqfqpTfzx0Q1NUedOixRMBfe2Whhb056a42cWs26Q==}
    dev: false

  /abitype@0.9.8(typescript@5.3.3):
    resolution: {integrity: sha512-puLifILdm+8sjyss4S+fsUN09obiT1g2YW6CtcQF+QDzxR0euzgEB29MZujC6zMk2a6SVmtttq1fc6+YFA7WYQ==}
    peerDependencies:
      typescript: '>=5.0.4'
      zod: ^3 >=3.19.1
    peerDependenciesMeta:
      typescript:
        optional: true
      zod:
        optional: true
    dependencies:
      typescript: 5.3.3
    dev: false

  /abitype@1.0.0(typescript@5.3.3):
    resolution: {integrity: sha512-NMeMah//6bJ56H5XRj8QCV4AwuW6hB6zqz2LnhhLdcWVQOsXki6/Pn3APeqxCma62nXIcmZWdu1DlHWS74umVQ==}
    peerDependencies:
      typescript: '>=5.0.4'
      zod: ^3 >=3.22.0
    peerDependenciesMeta:
      typescript:
        optional: true
      zod:
        optional: true
    dependencies:
      typescript: 5.3.3
    dev: false

  /aes-js@4.0.0-beta.5:
    resolution: {integrity: sha512-G965FqalsNyrPqgEGON7nIx1e/OVENSgiEIzyC63haUMuvNnwIgIjMs52hlTCKhkBny7A2ORNlfY9Zu+jmGk1Q==}
    dev: false

  /ansi-styles@4.3.0:
    resolution: {integrity: sha512-zbB9rCJAT1rbjiVDb2hqKFHNYLxgtk8NURxZ3IZwD3F6NtxbXZQCnnSi1Lkx+IDohdPlFp222wVALIheZJQSEg==}
    engines: {node: '>=8'}
    dependencies:
      color-convert: 2.0.1
    dev: false

  /asynckit@0.4.0:
    resolution: {integrity: sha512-Oei9OH4tRh0YqU3GxhX79dM/mwVgvbZJaSNaRk+bshkj0S5cfHcgYakreBjrHwatXKbz+IoIdYLxrKim2MjW0Q==}
    dev: false

  /axios@1.6.7:
    resolution: {integrity: sha512-/hDJGff6/c7u0hDkvkGxR/oy6CbCs8ziCsC7SqmhjfozqiJGc8Z11wrv9z9lYfY4K8l+H9TpjcMDX0xOZmx+RA==}
    dependencies:
      follow-redirects: 1.15.6
      form-data: 4.0.0
      proxy-from-env: 1.1.0
    transitivePeerDependencies:
      - debug
    dev: false

  /base-x@4.0.0:
    resolution: {integrity: sha512-FuwxlW4H5kh37X/oW59pwTzzTKRzfrrQwhmyspRM7swOEZcHtDZSCt45U6oKgtuFE+WYPblePMVIPR4RZrh/hw==}
    dev: false

  /bignumber.js@9.1.2:
    resolution: {integrity: sha512-2/mKyZH9K85bzOEfhXDBFZTGd1CTs+5IHpeFQo9luiBG7hghdC851Pj2WAhb6E3R6b9tZj/XKhbg4fum+Kepug==}
    dev: false

  /bn.js@4.11.6:
    resolution: {integrity: sha512-XWwnNNFCuuSQ0m3r3C4LE3EiORltHd9M05pq6FOlVeiophzRbMo50Sbz1ehl8K3Z+jw9+vmgnXefY1hz8X+2wA==}
    dev: false

  /bn.js@5.2.1:
    resolution: {integrity: sha512-eXRvHzWyYPBuB4NBy0cmYQjGitUrtqwbvlzP3G6VFnNRbsZQIxQ10PbKKHt8gZ/HW/D/747aDl+QkDqg3KQLMQ==}
    dev: false

  /bs58@5.0.0:
    resolution: {integrity: sha512-r+ihvQJvahgYT50JD05dyJNKlmmSlMoOGwn1lCcEzanPglg7TxYjioQUYehQ9mAR/+hOSd2jRc/Z2y5UxBymvQ==}
    dependencies:
      base-x: 4.0.0
    dev: false

  /buffer-reverse@1.0.1:
    resolution: {integrity: sha512-M87YIUBsZ6N924W57vDwT/aOu8hw7ZgdByz6ijksLjmHJELBASmYTTlNHRgjE+pTsT9oJXGaDSgqqwfdHotDUg==}
    dev: false

  /chalk@4.1.2:
    resolution: {integrity: sha512-oKnbhFyRIXpUuez8iBMmyEa4nbj4IOQyuhc/wy9kY7/WVPcwIO9VA668Pu8RkO7+0G76SLROeyw9CpQ061i4mA==}
    engines: {node: '>=10'}
    dependencies:
      ansi-styles: 4.3.0
      supports-color: 7.2.0
    dev: false

  /color-convert@2.0.1:
    resolution: {integrity: sha512-RRECPsj7iu/xb5oKYcsFHSppFNnsj/52OVTRKb4zP5onXwVF3zVmmToNcOfGC+CRDpfK/U584fMg38ZHCaElKQ==}
    engines: {node: '>=7.0.0'}
    dependencies:
      color-name: 1.1.4
    dev: false

  /color-name@1.1.4:
    resolution: {integrity: sha512-dOy+3AuW3a2wNbZHIuMZpTcgjGuLU/uBL/ubcZF9OXbDo8ff4O8yVp5Bf0efS8uEoYo5q4Fx7dY9OgQGXgAsQA==}
    dev: false

  /combined-stream@1.0.8:
    resolution: {integrity: sha512-FQN4MRfuJeHf7cBbBMJFXhKSDq+2kAArBlmRBvcvFE5BB1HZKXtSFASDhdlz9zOYwxh8lDdnvmMOe/+5cdoEdg==}
    engines: {node: '>= 0.8'}
    dependencies:
      delayed-stream: 1.0.0
    dev: false

  /commander@11.1.0:
    resolution: {integrity: sha512-yPVavfyCcRhmorC7rWlkHn15b4wDVgVmBA7kV4QVBsF7kv/9TKJAbAXVTxvTnwP8HHKjRCJDClKbciiYS7p0DQ==}
    engines: {node: '>=16'}
    dev: false

  /crypto-js@4.2.0:
    resolution: {integrity: sha512-KALDyEYgpY+Rlob/iriUtjV6d5Eq+Y191A5g4UqLAi8CyGP9N1+FdVbkc1SxKc2r4YAYqG8JzO2KGL+AizD70Q==}
    dev: false

  /delayed-stream@1.0.0:
    resolution: {integrity: sha512-ZySD7Nf91aLB0RxL4KGrKHBXl7Eds1DAmEdcoVawXnLD7SDhpNgtuII2aAkg7a7QS41jxPSZ17p4VdGnMHk3MQ==}
    engines: {node: '>=0.4.0'}
    dev: false

  /dotenv@16.3.1:
    resolution: {integrity: sha512-IPzF4w4/Rd94bA9imS68tZBaYyBWSCE47V1RGuMrB94iyTOIEwRmVL2x/4An+6mETpLrKJ5hQkB8W4kFAadeIQ==}
    engines: {node: '>=12'}
    dev: false

  /esbuild@0.19.11:
    resolution: {integrity: sha512-HJ96Hev2hX/6i5cDVwcqiJBBtuo9+FeIJOtZ9W1kA5M6AMJRHUZlpYZ1/SbEwtO0ioNAW8rUooVpC/WehY2SfA==}
    engines: {node: '>=12'}
    hasBin: true
    requiresBuild: true
    optionalDependencies:
      '@esbuild/aix-ppc64': 0.19.11
      '@esbuild/android-arm': 0.19.11
      '@esbuild/android-arm64': 0.19.11
      '@esbuild/android-x64': 0.19.11
      '@esbuild/darwin-arm64': 0.19.11
      '@esbuild/darwin-x64': 0.19.11
      '@esbuild/freebsd-arm64': 0.19.11
      '@esbuild/freebsd-x64': 0.19.11
      '@esbuild/linux-arm': 0.19.11
      '@esbuild/linux-arm64': 0.19.11
      '@esbuild/linux-ia32': 0.19.11
      '@esbuild/linux-loong64': 0.19.11
      '@esbuild/linux-mips64el': 0.19.11
      '@esbuild/linux-ppc64': 0.19.11
      '@esbuild/linux-riscv64': 0.19.11
      '@esbuild/linux-s390x': 0.19.11
      '@esbuild/linux-x64': 0.19.11
      '@esbuild/netbsd-x64': 0.19.11
      '@esbuild/openbsd-x64': 0.19.11
      '@esbuild/sunos-x64': 0.19.11
      '@esbuild/win32-arm64': 0.19.11
      '@esbuild/win32-ia32': 0.19.11
      '@esbuild/win32-x64': 0.19.11
    dev: true

  /ethereum-bloom-filters@1.0.10:
    resolution: {integrity: sha512-rxJ5OFN3RwjQxDcFP2Z5+Q9ho4eIdEmSc2ht0fCu8Se9nbXjZ7/031uXoUYJ87KHCOdVeiUuwSnoS7hmYAGVHA==}
    dependencies:
      js-sha3: 0.8.0
    dev: false

  /ethereum-cryptography@2.1.3:
    resolution: {integrity: sha512-BlwbIL7/P45W8FGW2r7LGuvoEZ+7PWsniMvQ4p5s2xCyw9tmaDlpfsN9HjAucbF+t/qpVHwZUisgfK24TCW8aA==}
    dependencies:
      '@noble/curves': 1.3.0
      '@noble/hashes': 1.3.3
      '@scure/bip32': 1.3.3
      '@scure/bip39': 1.2.2
    dev: false

  /ethers@6.10.0:
    resolution: {integrity: sha512-nMNwYHzs6V1FR3Y4cdfxSQmNgZsRj1RiTU25JwvnJLmyzw9z3SKxNc2XKDuiXXo/v9ds5Mp9m6HBabgYQQ26tA==}
    engines: {node: '>=14.0.0'}
    dependencies:
      '@adraffy/ens-normalize': 1.10.0
      '@noble/curves': 1.2.0
      '@noble/hashes': 1.3.2
      '@types/node': 18.15.13
      aes-js: 4.0.0-beta.5
      tslib: 2.4.0
      ws: 8.5.0
    transitivePeerDependencies:
      - bufferutil
      - utf-8-validate
    dev: false

  /ethjs-unit@0.1.6:
    resolution: {integrity: sha512-/Sn9Y0oKl0uqQuvgFk/zQgR7aw1g36qX/jzSQ5lSwlO0GigPymk4eGQfeNTD03w1dPOqfz8V77Cy43jH56pagw==}
    engines: {node: '>=6.5.0', npm: '>=3'}
    dependencies:
      bn.js: 4.11.6
      number-to-bn: 1.7.0
    dev: false

  /follow-redirects@1.15.6:
    resolution: {integrity: sha512-wWN62YITEaOpSK584EZXJafH1AGpO8RVgElfkuXbTOrPX4fIfOyEpW/CsiNd8JdYrAoOvafRTOEnvsO++qCqFA==}
    engines: {node: '>=4.0'}
    peerDependencies:
      debug: '*'
    peerDependenciesMeta:
      debug:
        optional: true
    dev: false

  /form-data@4.0.0:
    resolution: {integrity: sha512-ETEklSGi5t0QMZuiXoA/Q6vcnxcLQP5vdugSpuAyi6SVGi2clPPp+xgEhuMaHC+zGgn31Kd235W35f7Hykkaww==}
    engines: {node: '>= 6'}
    dependencies:
      asynckit: 0.4.0
      combined-stream: 1.0.8
      mime-types: 2.1.35
    dev: false

  /fsevents@2.3.3:
    resolution: {integrity: sha512-5xoDfX+fL7faATnagmWPpbFtwh/R77WmMMqqHGS65C3vvB0YHrgF+B1YmZ3441tMj5n63k0212XNoJwzlhffQw==}
    engines: {node: ^8.16.0 || ^10.6.0 || >=11.0.0}
    os: [darwin]
    requiresBuild: true
    dev: true
    optional: true

  /get-tsconfig@4.7.2:
    resolution: {integrity: sha512-wuMsz4leaj5hbGgg4IvDU0bqJagpftG5l5cXIAvo8uZrqn0NJqwtfupTN00VnkQJPcIRrxYrm1Ue24btpCha2A==}
    dependencies:
      resolve-pkg-maps: 1.0.0
    dev: true

  /has-flag@4.0.0:
    resolution: {integrity: sha512-EykJT/Q1KjTWctppgIAgfSO0tKVuZUjhgMr17kqTumMl6Afv3EISleU7qZUzoXDFTAHTDC4NOoG/ZxU3EvlMPQ==}
    engines: {node: '>=8'}
    dev: false

  /is-hex-prefixed@1.0.0:
    resolution: {integrity: sha512-WvtOiug1VFrE9v1Cydwm+FnXd3+w9GaeVUss5W4v/SLy3UW00vP+6iNF2SdnfiBoLy4bTqVdkftNGTUeOFVsbA==}
    engines: {node: '>=6.5.0', npm: '>=3'}
    dev: false

  /isows@1.0.3(ws@8.13.0):
    resolution: {integrity: sha512-2cKei4vlmg2cxEjm3wVSqn8pcoRF/LX/wpifuuNquFO4SQmPwarClT+SUCA2lt+l581tTeZIPIZuIDo2jWN1fg==}
    peerDependencies:
      ws: '*'
    dependencies:
      ws: 8.13.0
    dev: false

  /js-sha3@0.8.0:
    resolution: {integrity: sha512-gF1cRrHhIzNfToc802P800N8PpXS+evLLXfsVpowqmAFR9uwbi89WvXg2QspOmXL8QL86J4T1EpFu+yUkwJY3Q==}
    dev: false

  /kleur@3.0.3:
    resolution: {integrity: sha512-eTIzlVOSUR+JxdDFepEYcBMtZ9Qqdef+rnzWdRZuMbOywu5tO2w2N7rqjoANZ5k9vywhL6Br1VRjUIgTQx4E8w==}
    engines: {node: '>=6'}
    dev: false

  /merkletreejs@0.3.11:
    resolution: {integrity: sha512-LJKTl4iVNTndhL+3Uz/tfkjD0klIWsHlUzgtuNnNrsf7bAlXR30m+xYB7lHr5Z/l6e/yAIsr26Dabx6Buo4VGQ==}
    engines: {node: '>= 7.6.0'}
    dependencies:
      bignumber.js: 9.1.2
      buffer-reverse: 1.0.1
      crypto-js: 4.2.0
      treeify: 1.1.0
      web3-utils: 1.10.4
    dev: false

  /micro-ftch@0.3.1:
    resolution: {integrity: sha512-/0LLxhzP0tfiR5hcQebtudP56gUurs2CLkGarnCiB/OqEyUFQ6U3paQi/tgLv0hBJYt2rnr9MNpxz4fiiugstg==}
    dev: false

  /mime-db@1.52.0:
    resolution: {integrity: sha512-sPU4uV7dYlvtWJxwwxHD0PuihVNiE7TyAbQ5SWxDCB9mUYvOgroQOwYQQOKPJ8CIbE+1ETVlOoK1UC2nU3gYvg==}
    engines: {node: '>= 0.6'}
    dev: false

  /mime-types@2.1.35:
    resolution: {integrity: sha512-ZDY+bPm5zTTF+YpCrAU9nK0UgICYPT0QtT1NZWFv4s++TNkcgVaT0g6+4R2uI4MjQjzysHB1zxuWL50hzaeXiw==}
    engines: {node: '>= 0.6'}
    dependencies:
      mime-db: 1.52.0
    dev: false

  /number-to-bn@1.7.0:
    resolution: {integrity: sha512-wsJ9gfSz1/s4ZsJN01lyonwuxA1tml6X1yBDnfpMglypcBRFZZkus26EdPSlqS5GJfYddVZa22p3VNb3z5m5Ig==}
    engines: {node: '>=6.5.0', npm: '>=3'}
    dependencies:
      bn.js: 4.11.6
      strip-hex-prefix: 1.0.0
    dev: false

  /prettier@1.18.2:
    resolution: {integrity: sha512-OeHeMc0JhFE9idD4ZdtNibzY0+TPHSpSSb9h8FqtP+YnoZZ1sl8Vc9b1sasjfymH3SonAF4QcA2+mzHPhMvIiw==}
    engines: {node: '>=4'}
    hasBin: true
    dev: false

  /prompts@2.4.2:
    resolution: {integrity: sha512-NxNv/kLguCA7p3jE8oL2aEBsrJWgAakBpgmgK6lpPWV+WuOmY6r2/zbAVnP+T8bQlA0nzHXSJSJW0Hq7ylaD2Q==}
    engines: {node: '>= 6'}
    dependencies:
      kleur: 3.0.3
      sisteransi: 1.0.5
    dev: false

  /proxy-from-env@1.1.0:
    resolution: {integrity: sha512-D+zkORCbA9f1tdWRK0RaCR3GPv50cMxcrz4X8k5LTSUD1Dkw47mKJEZQNunItRTkWwgtaUSo1RVFRIG9ZXiFYg==}
    dev: false

  /randombytes@2.1.0:
    resolution: {integrity: sha512-vYl3iOX+4CKUWuxGi9Ukhie6fsqXqS9FE2Zaic4tNFD2N2QQaXOMFbuKK4QmDHC0JO6B1Zp41J0LpT0oR68amQ==}
    dependencies:
      safe-buffer: 5.2.1
    dev: false

  /resolve-pkg-maps@1.0.0:
    resolution: {integrity: sha512-seS2Tj26TBVOC2NIc2rOe2y2ZO7efxITtLZcGSOnHHNOQ7CkiUBfw0Iw2ck6xkIhPwLhKNLS8BO+hEpngQlqzw==}
    dev: true

  /safe-buffer@5.2.1:
    resolution: {integrity: sha512-rp3So07KcdmmKbGvgaNxQSJr7bGVSVk5S9Eq1F+ppbRo70+YeaDxkw5Dd8NPN+GD6bjnYm2VuPuCXmpuYvmCXQ==}
    dev: false

  /sisteransi@1.0.5:
    resolution: {integrity: sha512-bLGGlR1QxBcynn2d5YmDX4MGjlZvy2MRBDRNHLJ8VI6l6+9FUiyTFNJ0IveOSP0bcXgVDPRcfGqA0pjaqUpfVg==}
    dev: false

  /strip-hex-prefix@1.0.0:
    resolution: {integrity: sha512-q8d4ue7JGEiVcypji1bALTos+0pWtyGlivAWyPuTkHzuTCJqrK9sWxYQZUq6Nq3cuyv3bm734IhHvHtGGURU6A==}
    engines: {node: '>=6.5.0', npm: '>=3'}
    dependencies:
      is-hex-prefixed: 1.0.0
    dev: false

  /supports-color@7.2.0:
    resolution: {integrity: sha512-qpCAvRl9stuOHveKsn7HncJRvv501qIacKzQlO/+Lwxc9+0q2wLyv4Dfvt80/DPn2pqOBsJdDiogXGR9+OvwRw==}
    engines: {node: '>=8'}
    dependencies:
      has-flag: 4.0.0
    dev: false

  /treeify@1.1.0:
    resolution: {integrity: sha512-1m4RA7xVAJrSGrrXGs0L3YTwyvBs2S8PbRHaLZAkFw7JR8oIFwYtysxlBZhYIa7xSyiYJKZ3iGrrk55cGA3i9A==}
    engines: {node: '>=0.6'}
    dev: false

  /tslib@2.4.0:
    resolution: {integrity: sha512-d6xOpEDfsi2CZVlPQzGeux8XMwLT9hssAsaPYExaQMuYskwb+x1x7J371tWlbBdWHroy99KnVB6qIkUbs5X3UQ==}
    dev: false

  /tsx@4.7.0:
    resolution: {integrity: sha512-I+t79RYPlEYlHn9a+KzwrvEwhJg35h/1zHsLC2JXvhC2mdynMv6Zxzvhv5EMV6VF5qJlLlkSnMVvdZV3PSIGcg==}
    engines: {node: '>=18.0.0'}
    hasBin: true
    dependencies:
      esbuild: 0.19.11
      get-tsconfig: 4.7.2
    optionalDependencies:
      fsevents: 2.3.3
    dev: true

  /typescript@5.3.3:
    resolution: {integrity: sha512-pXWcraxM0uxAS+tN0AG/BF2TyqmHO014Z070UsJ+pFvYuRSq8KH8DmWpnbXe0pEPDHXZV3FcAbJkijJ5oNEnWw==}
    engines: {node: '>=14.17'}
    hasBin: true

  /utf8@3.0.0:
    resolution: {integrity: sha512-E8VjFIQ/TyQgp+TZfS6l8yp/xWppSAHzidGiRrqe4bK4XP9pTRyKFgGJpO3SN7zdX4DeomTrwaseCHovfpFcqQ==}
    dev: false

  /viem@1.21.4(typescript@5.3.3):
    resolution: {integrity: sha512-BNVYdSaUjeS2zKQgPs+49e5JKocfo60Ib2yiXOWBT6LuVxY1I/6fFX3waEtpXvL1Xn4qu+BVitVtMh9lyThyhQ==}
    peerDependencies:
      typescript: '>=5.0.4'
    peerDependenciesMeta:
      typescript:
        optional: true
    dependencies:
      '@adraffy/ens-normalize': 1.10.0
      '@noble/curves': 1.2.0
      '@noble/hashes': 1.3.2
      '@scure/bip32': 1.3.2
      '@scure/bip39': 1.2.1
      abitype: 0.9.8(typescript@5.3.3)
      isows: 1.0.3(ws@8.13.0)
      typescript: 5.3.3
      ws: 8.13.0
    transitivePeerDependencies:
      - bufferutil
      - utf-8-validate
      - zod
    dev: false

  /viem@2.7.8(typescript@5.3.3):
    resolution: {integrity: sha512-5r5pkBDBmihCvMx4b3MqtP0FoZCRWE2ML1DssU80+vhJQur0PKd4yHdLbbvoiGGVD6bYiA394juhfdSvXIGgFA==}
    peerDependencies:
      typescript: '>=5.0.4'
    peerDependenciesMeta:
      typescript:
        optional: true
    dependencies:
      '@adraffy/ens-normalize': 1.10.0
      '@noble/curves': 1.2.0
      '@noble/hashes': 1.3.2
      '@scure/bip32': 1.3.2
      '@scure/bip39': 1.2.1
      abitype: 1.0.0(typescript@5.3.3)
      isows: 1.0.3(ws@8.13.0)
      typescript: 5.3.3
      ws: 8.13.0
    transitivePeerDependencies:
      - bufferutil
      - utf-8-validate
      - zod
    dev: false

  /web3-utils@1.10.4:
    resolution: {integrity: sha512-tsu8FiKJLk2PzhDl9fXbGUWTkkVXYhtTA+SmEFkKft+9BgwLxfCRpU96sWv7ICC8zixBNd3JURVoiR3dUXgP8A==}
    engines: {node: '>=8.0.0'}
    dependencies:
      '@ethereumjs/util': 8.1.0
      bn.js: 5.2.1
      ethereum-bloom-filters: 1.0.10
      ethereum-cryptography: 2.1.3
      ethjs-unit: 0.1.6
      number-to-bn: 1.7.0
      randombytes: 2.1.0
      utf8: 3.0.0
    dev: false

  /ws@8.13.0:
    resolution: {integrity: sha512-x9vcZYTrFPC7aSIbj7sRCYo7L/Xb8Iy+pW0ng0wt2vCJv7M9HOMy0UoN3rr+IFC7hb7vXoqS+P9ktyLLLhO+LA==}
    engines: {node: '>=10.0.0'}
    peerDependencies:
      bufferutil: ^4.0.1
      utf-8-validate: '>=5.0.2'
    peerDependenciesMeta:
      bufferutil:
        optional: true
      utf-8-validate:
        optional: true
    dev: false

  /ws@8.5.0:
    resolution: {integrity: sha512-BWX0SWVgLPzYwF8lTzEy1egjhS4S4OEAHfsO8o65WOVsrnSRGaSiUaa9e0ggGlkMTtBlmOpEXiie9RUcBO86qg==}
    engines: {node: '>=10.0.0'}
    peerDependencies:
      bufferutil: ^4.0.1
      utf-8-validate: ^5.0.2
    peerDependenciesMeta:
      bufferutil:
        optional: true
      utf-8-validate:
        optional: true
    dev: false
