lockfileVersion: '9.0'

settings:
  autoInstallPeers: true
  excludeLinksFromLockfile: false

importers:

  .:
    dependencies:
      '@axiom-crypto/client':
        specifier: 2.1.1
        version: 2.1.1(typescript@5.3.3)
      dotenv:
        specifier: ^16.3.1
        version: 16.3.1
    devDependencies:
      tsx:
        specifier: ^4.7.0
        version: 4.7.0
      typescript:
        specifier: ^5.3.3
        version: 5.3.3

packages:

  '@adraffy/ens-normalize@1.10.0':
    resolution: {integrity: sha512-nA9XHtlAkYfJxY7bce8DcN7eKxWWCWkU+1GR9d+U6MbNpfwQp8TI7vqOsBsMcHoT4mBu2kypKoSKnghEzOOq5Q==}

  '@adraffy/ens-normalize@1.10.1':
    resolution: {integrity: sha512-96Z2IP3mYmF1Xg2cDm8f1gWGf/HUVedQ3FMifV4kG/PQ4yEP51xDtRAEfhVNt5f/uzpNkZHwWQuUcu6D6K+Ekw==}

  '@axiom-crypto/circuit@2.1.1':
    resolution: {integrity: sha512-Fsx7PTni6oGH9VC2Jcy9ngGEPVLybo1U26T+h7B9iil6Gkb2kA+XAxnTOjRQ1jc6YvSAz7um3dWNE6jd+HgkfQ==}

  '@axiom-crypto/client@2.1.1':
    resolution: {integrity: sha512-lWChVyeImOvDa6odOBWV12OlXt+GgHYFHZZYsv3Dr6uY5IMD6SmNbXOv2DhQODWUGi1lu9m1kqvvY3ehQ38nAw==}
    hasBin: true

  '@axiom-crypto/halo2-lib-js@0.3.4':
    resolution: {integrity: sha512-E/i7EqlcvjcfXZejL8HcpvFQIIMJxcMrVBXsdaDJGgEXVc6pEDJ07Hy3drLbhQ007ZJ8aultw3HSfD9gJRkh4w==}

  '@axiom-crypto/halo2-wasm@0.3.4':
    resolution: {integrity: sha512-SUHXnydtx5rY0gQ2zWy0Br6L3iaAFo5RH/AMnOCSM4Nb3inqinBEnXQgEPZ45+EFmeOfRi1xOVUBdo6keZlacQ==}

  '@axiom-crypto/tools@2.1.1':
    resolution: {integrity: sha512-JqKz+S8wIOqoa42h5TMoPCNxatLEoJwOYabFUB1GWSkQ/Ep3ZPDP5ydk/ky3VeDG/KFidBa0/uvVQk5EEK/Rpw==}

  '@esbuild/aix-ppc64@0.19.11':
    resolution: {integrity: sha512-FnzU0LyE3ySQk7UntJO4+qIiQgI7KoODnZg5xzXIrFJlKd2P2gwHsHY4927xj9y5PJmJSzULiUCWmv7iWnNa7g==}
    engines: {node: '>=12'}
    cpu: [ppc64]
    os: [aix]

  '@esbuild/android-arm64@0.19.11':
    resolution: {integrity: sha512-aiu7K/5JnLj//KOnOfEZ0D90obUkRzDMyqd/wNAUQ34m4YUPVhRZpnqKV9uqDGxT7cToSDnIHsGooyIczu9T+Q==}
    engines: {node: '>=12'}
    cpu: [arm64]
    os: [android]

  '@esbuild/android-arm@0.19.11':
    resolution: {integrity: sha512-5OVapq0ClabvKvQ58Bws8+wkLCV+Rxg7tUVbo9xu034Nm536QTII4YzhaFriQ7rMrorfnFKUsArD2lqKbFY4vw==}
    engines: {node: '>=12'}
    cpu: [arm]
    os: [android]

  '@esbuild/android-x64@0.19.11':
    resolution: {integrity: sha512-eccxjlfGw43WYoY9QgB82SgGgDbibcqyDTlk3l3C0jOVHKxrjdc9CTwDUQd0vkvYg5um0OH+GpxYvp39r+IPOg==}
    engines: {node: '>=12'}
    cpu: [x64]
    os: [android]

  '@esbuild/darwin-arm64@0.19.11':
    resolution: {integrity: sha512-ETp87DRWuSt9KdDVkqSoKoLFHYTrkyz2+65fj9nfXsaV3bMhTCjtQfw3y+um88vGRKRiF7erPrh/ZuIdLUIVxQ==}
    engines: {node: '>=12'}
    cpu: [arm64]
    os: [darwin]

  '@esbuild/darwin-x64@0.19.11':
    resolution: {integrity: sha512-fkFUiS6IUK9WYUO/+22omwetaSNl5/A8giXvQlcinLIjVkxwTLSktbF5f/kJMftM2MJp9+fXqZ5ezS7+SALp4g==}
    engines: {node: '>=12'}
    cpu: [x64]
    os: [darwin]

  '@esbuild/freebsd-arm64@0.19.11':
    resolution: {integrity: sha512-lhoSp5K6bxKRNdXUtHoNc5HhbXVCS8V0iZmDvyWvYq9S5WSfTIHU2UGjcGt7UeS6iEYp9eeymIl5mJBn0yiuxA==}
    engines: {node: '>=12'}
    cpu: [arm64]
    os: [freebsd]

  '@esbuild/freebsd-x64@0.19.11':
    resolution: {integrity: sha512-JkUqn44AffGXitVI6/AbQdoYAq0TEullFdqcMY/PCUZ36xJ9ZJRtQabzMA+Vi7r78+25ZIBosLTOKnUXBSi1Kw==}
    engines: {node: '>=12'}
    cpu: [x64]
    os: [freebsd]

  '@esbuild/linux-arm64@0.19.11':
    resolution: {integrity: sha512-LneLg3ypEeveBSMuoa0kwMpCGmpu8XQUh+mL8XXwoYZ6Be2qBnVtcDI5azSvh7vioMDhoJFZzp9GWp9IWpYoUg==}
    engines: {node: '>=12'}
    cpu: [arm64]
    os: [linux]

  '@esbuild/linux-arm@0.19.11':
    resolution: {integrity: sha512-3CRkr9+vCV2XJbjwgzjPtO8T0SZUmRZla+UL1jw+XqHZPkPgZiyWvbDvl9rqAN8Zl7qJF0O/9ycMtjU67HN9/Q==}
    engines: {node: '>=12'}
    cpu: [arm]
    os: [linux]

  '@esbuild/linux-ia32@0.19.11':
    resolution: {integrity: sha512-caHy++CsD8Bgq2V5CodbJjFPEiDPq8JJmBdeyZ8GWVQMjRD0sU548nNdwPNvKjVpamYYVL40AORekgfIubwHoA==}
    engines: {node: '>=12'}
    cpu: [ia32]
    os: [linux]

  '@esbuild/linux-loong64@0.19.11':
    resolution: {integrity: sha512-ppZSSLVpPrwHccvC6nQVZaSHlFsvCQyjnvirnVjbKSHuE5N24Yl8F3UwYUUR1UEPaFObGD2tSvVKbvR+uT1Nrg==}
    engines: {node: '>=12'}
    cpu: [loong64]
    os: [linux]

  '@esbuild/linux-mips64el@0.19.11':
    resolution: {integrity: sha512-B5x9j0OgjG+v1dF2DkH34lr+7Gmv0kzX6/V0afF41FkPMMqaQ77pH7CrhWeR22aEeHKaeZVtZ6yFwlxOKPVFyg==}
    engines: {node: '>=12'}
    cpu: [mips64el]
    os: [linux]

  '@esbuild/linux-ppc64@0.19.11':
    resolution: {integrity: sha512-MHrZYLeCG8vXblMetWyttkdVRjQlQUb/oMgBNurVEnhj4YWOr4G5lmBfZjHYQHHN0g6yDmCAQRR8MUHldvvRDA==}
    engines: {node: '>=12'}
    cpu: [ppc64]
    os: [linux]

  '@esbuild/linux-riscv64@0.19.11':
    resolution: {integrity: sha512-f3DY++t94uVg141dozDu4CCUkYW+09rWtaWfnb3bqe4w5NqmZd6nPVBm+qbz7WaHZCoqXqHz5p6CM6qv3qnSSQ==}
    engines: {node: '>=12'}
    cpu: [riscv64]
    os: [linux]

  '@esbuild/linux-s390x@0.19.11':
    resolution: {integrity: sha512-A5xdUoyWJHMMlcSMcPGVLzYzpcY8QP1RtYzX5/bS4dvjBGVxdhuiYyFwp7z74ocV7WDc0n1harxmpq2ePOjI0Q==}
    engines: {node: '>=12'}
    cpu: [s390x]
    os: [linux]

  '@esbuild/linux-x64@0.19.11':
    resolution: {integrity: sha512-grbyMlVCvJSfxFQUndw5mCtWs5LO1gUlwP4CDi4iJBbVpZcqLVT29FxgGuBJGSzyOxotFG4LoO5X+M1350zmPA==}
    engines: {node: '>=12'}
    cpu: [x64]
    os: [linux]

  '@esbuild/netbsd-x64@0.19.11':
    resolution: {integrity: sha512-13jvrQZJc3P230OhU8xgwUnDeuC/9egsjTkXN49b3GcS5BKvJqZn86aGM8W9pd14Kd+u7HuFBMVtrNGhh6fHEQ==}
    engines: {node: '>=12'}
    cpu: [x64]
    os: [netbsd]

  '@esbuild/openbsd-x64@0.19.11':
    resolution: {integrity: sha512-ysyOGZuTp6SNKPE11INDUeFVVQFrhcNDVUgSQVDzqsqX38DjhPEPATpid04LCoUr2WXhQTEZ8ct/EgJCUDpyNw==}
    engines: {node: '>=12'}
    cpu: [x64]
    os: [openbsd]

  '@esbuild/sunos-x64@0.19.11':
    resolution: {integrity: sha512-Hf+Sad9nVwvtxy4DXCZQqLpgmRTQqyFyhT3bZ4F2XlJCjxGmRFF0Shwn9rzhOYRB61w9VMXUkxlBy56dk9JJiQ==}
    engines: {node: '>=12'}
    cpu: [x64]
    os: [sunos]

  '@esbuild/win32-arm64@0.19.11':
    resolution: {integrity: sha512-0P58Sbi0LctOMOQbpEOvOL44Ne0sqbS0XWHMvvrg6NE5jQ1xguCSSw9jQeUk2lfrXYsKDdOe6K+oZiwKPilYPQ==}
    engines: {node: '>=12'}
    cpu: [arm64]
    os: [win32]

  '@esbuild/win32-ia32@0.19.11':
    resolution: {integrity: sha512-6YOrWS+sDJDmshdBIQU+Uoyh7pQKrdykdefC1avn76ss5c+RN6gut3LZA4E2cH5xUEp5/cA0+YxRaVtRAb0xBg==}
    engines: {node: '>=12'}
    cpu: [ia32]
    os: [win32]

  '@esbuild/win32-x64@0.19.11':
    resolution: {integrity: sha512-vfkhltrjCAb603XaFhqhAF4LGDi2M4OrCRrFusyQ+iTLQ/o60QQXxc9cZC/FFpihBI9N1Grn6SMKVJ4KP7Fuiw==}
    engines: {node: '>=12'}
    cpu: [x64]
    os: [win32]

  '@noble/curves@1.2.0':
    resolution: {integrity: sha512-oYclrNgRaM9SsBUBVbb8M6DTV7ZHRTKugureoYEncY5c65HOmRzvSiTE3y5CYaPYJA/GVkrhXEoF0M3Ya9PMnw==}

  '@noble/hashes@1.3.2':
    resolution: {integrity: sha512-MVC8EAQp7MvEcm30KWENFjgR+Mkmf+D189XJTkFIlwohU5hcBbn1ZkKq7KVTi2Hme3PMGF390DaL52beVrIihQ==}
    engines: {node: '>= 16'}

  '@scure/base@1.1.7':
    resolution: {integrity: sha512-PPNYBslrLNNUQ/Yad37MHYsNQtK67EhWb6WtSvNLLPo7SdVZgkUjD6Dg+5On7zNwmskf8OX7I7Nx5oN+MIWE0g==}

  '@scure/bip32@1.3.2':
    resolution: {integrity: sha512-N1ZhksgwD3OBlwTv3R6KFEcPojl/W4ElJOeCZdi+vuI5QmTFwLq3OFf2zd2ROpKvxFdgZ6hUpb0dx9bVNEwYCA==}

  '@scure/bip39@1.2.1':
    resolution: {integrity: sha512-Z3/Fsz1yr904dduJD0NpiyRHhRYHdcnyh73FZWiV+/qhWi83wNJ3NWolYqCEN+ZWsUz2TWwajJggcRE9r1zUYg==}

  '@types/node@18.15.13':
    resolution: {integrity: sha512-N+0kuo9KgrUQ1Sn/ifDXsvg0TTleP7rIy4zOBGECxAljqvqfqpTfzx0Q1NUedOixRMBfe2Whhb056a42cWs26Q==}

  abitype@1.0.0:
    resolution: {integrity: sha512-NMeMah//6bJ56H5XRj8QCV4AwuW6hB6zqz2LnhhLdcWVQOsXki6/Pn3APeqxCma62nXIcmZWdu1DlHWS74umVQ==}
    peerDependencies:
      typescript: '>=5.0.4'
      zod: ^3 >=3.22.0
    peerDependenciesMeta:
      typescript:
        optional: true
      zod:
        optional: true

  aes-js@4.0.0-beta.5:
    resolution: {integrity: sha512-G965FqalsNyrPqgEGON7nIx1e/OVENSgiEIzyC63haUMuvNnwIgIjMs52hlTCKhkBny7A2ORNlfY9Zu+jmGk1Q==}

  ansi-styles@4.3.0:
    resolution: {integrity: sha512-zbB9rCJAT1rbjiVDb2hqKFHNYLxgtk8NURxZ3IZwD3F6NtxbXZQCnnSi1Lkx+IDohdPlFp222wVALIheZJQSEg==}
    engines: {node: '>=8'}

  asynckit@0.4.0:
    resolution: {integrity: sha512-Oei9OH4tRh0YqU3GxhX79dM/mwVgvbZJaSNaRk+bshkj0S5cfHcgYakreBjrHwatXKbz+IoIdYLxrKim2MjW0Q==}

  axios@1.7.2:
    resolution: {integrity: sha512-2A8QhOMrbomlDuiLeK9XibIBzuHeRcqqNOHp0Cyp5EoJ1IFDh+XZH3A6BkXtv0K4gFGCI0Y4BM7B1wOEi0Rmgw==}

  base-x@4.0.0:
    resolution: {integrity: sha512-FuwxlW4H5kh37X/oW59pwTzzTKRzfrrQwhmyspRM7swOEZcHtDZSCt45U6oKgtuFE+WYPblePMVIPR4RZrh/hw==}

  bs58@5.0.0:
    resolution: {integrity: sha512-r+ihvQJvahgYT50JD05dyJNKlmmSlMoOGwn1lCcEzanPglg7TxYjioQUYehQ9mAR/+hOSd2jRc/Z2y5UxBymvQ==}

  chalk@4.1.2:
    resolution: {integrity: sha512-oKnbhFyRIXpUuez8iBMmyEa4nbj4IOQyuhc/wy9kY7/WVPcwIO9VA668Pu8RkO7+0G76SLROeyw9CpQ061i4mA==}
    engines: {node: '>=10'}

  color-convert@2.0.1:
    resolution: {integrity: sha512-RRECPsj7iu/xb5oKYcsFHSppFNnsj/52OVTRKb4zP5onXwVF3zVmmToNcOfGC+CRDpfK/U584fMg38ZHCaElKQ==}
    engines: {node: '>=7.0.0'}

  color-name@1.1.4:
    resolution: {integrity: sha512-dOy+3AuW3a2wNbZHIuMZpTcgjGuLU/uBL/ubcZF9OXbDo8ff4O8yVp5Bf0efS8uEoYo5q4Fx7dY9OgQGXgAsQA==}

  combined-stream@1.0.8:
    resolution: {integrity: sha512-FQN4MRfuJeHf7cBbBMJFXhKSDq+2kAArBlmRBvcvFE5BB1HZKXtSFASDhdlz9zOYwxh8lDdnvmMOe/+5cdoEdg==}
    engines: {node: '>= 0.8'}

  commander@11.1.0:
    resolution: {integrity: sha512-yPVavfyCcRhmorC7rWlkHn15b4wDVgVmBA7kV4QVBsF7kv/9TKJAbAXVTxvTnwP8HHKjRCJDClKbciiYS7p0DQ==}
    engines: {node: '>=16'}

  delayed-stream@1.0.0:
    resolution: {integrity: sha512-ZySD7Nf91aLB0RxL4KGrKHBXl7Eds1DAmEdcoVawXnLD7SDhpNgtuII2aAkg7a7QS41jxPSZ17p4VdGnMHk3MQ==}
    engines: {node: '>=0.4.0'}

  dotenv@16.3.1:
    resolution: {integrity: sha512-IPzF4w4/Rd94bA9imS68tZBaYyBWSCE47V1RGuMrB94iyTOIEwRmVL2x/4An+6mETpLrKJ5hQkB8W4kFAadeIQ==}
    engines: {node: '>=12'}

  esbuild@0.19.11:
    resolution: {integrity: sha512-HJ96Hev2hX/6i5cDVwcqiJBBtuo9+FeIJOtZ9W1kA5M6AMJRHUZlpYZ1/SbEwtO0ioNAW8rUooVpC/WehY2SfA==}
    engines: {node: '>=12'}
    hasBin: true

  ethers@6.13.1:
    resolution: {integrity: sha512-hdJ2HOxg/xx97Lm9HdCWk949BfYqYWpyw4//78SiwOLgASyfrNszfMUNB2joKjvGUdwhHfaiMMFFwacVVoLR9A==}
    engines: {node: '>=14.0.0'}

  follow-redirects@1.15.6:
    resolution: {integrity: sha512-wWN62YITEaOpSK584EZXJafH1AGpO8RVgElfkuXbTOrPX4fIfOyEpW/CsiNd8JdYrAoOvafRTOEnvsO++qCqFA==}
    engines: {node: '>=4.0'}
    peerDependencies:
      debug: '*'
    peerDependenciesMeta:
      debug:
        optional: true

  form-data@4.0.0:
    resolution: {integrity: sha512-ETEklSGi5t0QMZuiXoA/Q6vcnxcLQP5vdugSpuAyi6SVGi2clPPp+xgEhuMaHC+zGgn31Kd235W35f7Hykkaww==}
    engines: {node: '>= 6'}

  fsevents@2.3.3:
    resolution: {integrity: sha512-5xoDfX+fL7faATnagmWPpbFtwh/R77WmMMqqHGS65C3vvB0YHrgF+B1YmZ3441tMj5n63k0212XNoJwzlhffQw==}
    engines: {node: ^8.16.0 || ^10.6.0 || >=11.0.0}
    os: [darwin]

  get-tsconfig@4.7.2:
    resolution: {integrity: sha512-wuMsz4leaj5hbGgg4IvDU0bqJagpftG5l5cXIAvo8uZrqn0NJqwtfupTN00VnkQJPcIRrxYrm1Ue24btpCha2A==}

  has-flag@4.0.0:
    resolution: {integrity: sha512-EykJT/Q1KjTWctppgIAgfSO0tKVuZUjhgMr17kqTumMl6Afv3EISleU7qZUzoXDFTAHTDC4NOoG/ZxU3EvlMPQ==}
    engines: {node: '>=8'}

  isows@1.0.3:
    resolution: {integrity: sha512-2cKei4vlmg2cxEjm3wVSqn8pcoRF/LX/wpifuuNquFO4SQmPwarClT+SUCA2lt+l581tTeZIPIZuIDo2jWN1fg==}
    peerDependencies:
      ws: '*'

  kleur@3.0.3:
    resolution: {integrity: sha512-eTIzlVOSUR+JxdDFepEYcBMtZ9Qqdef+rnzWdRZuMbOywu5tO2w2N7rqjoANZ5k9vywhL6Br1VRjUIgTQx4E8w==}
    engines: {node: '>=6'}

  mime-db@1.52.0:
    resolution: {integrity: sha512-sPU4uV7dYlvtWJxwwxHD0PuihVNiE7TyAbQ5SWxDCB9mUYvOgroQOwYQQOKPJ8CIbE+1ETVlOoK1UC2nU3gYvg==}
    engines: {node: '>= 0.6'}

  mime-types@2.1.35:
    resolution: {integrity: sha512-ZDY+bPm5zTTF+YpCrAU9nK0UgICYPT0QtT1NZWFv4s++TNkcgVaT0g6+4R2uI4MjQjzysHB1zxuWL50hzaeXiw==}
    engines: {node: '>= 0.6'}

  prettier@1.18.2:
    resolution: {integrity: sha512-OeHeMc0JhFE9idD4ZdtNibzY0+TPHSpSSb9h8FqtP+YnoZZ1sl8Vc9b1sasjfymH3SonAF4QcA2+mzHPhMvIiw==}
    engines: {node: '>=4'}
    hasBin: true

  prompts@2.4.2:
    resolution: {integrity: sha512-NxNv/kLguCA7p3jE8oL2aEBsrJWgAakBpgmgK6lpPWV+WuOmY6r2/zbAVnP+T8bQlA0nzHXSJSJW0Hq7ylaD2Q==}
    engines: {node: '>= 6'}

  proxy-from-env@1.1.0:
    resolution: {integrity: sha512-D+zkORCbA9f1tdWRK0RaCR3GPv50cMxcrz4X8k5LTSUD1Dkw47mKJEZQNunItRTkWwgtaUSo1RVFRIG9ZXiFYg==}

  resolve-pkg-maps@1.0.0:
    resolution: {integrity: sha512-seS2Tj26TBVOC2NIc2rOe2y2ZO7efxITtLZcGSOnHHNOQ7CkiUBfw0Iw2ck6xkIhPwLhKNLS8BO+hEpngQlqzw==}

  sisteransi@1.0.5:
    resolution: {integrity: sha512-bLGGlR1QxBcynn2d5YmDX4MGjlZvy2MRBDRNHLJ8VI6l6+9FUiyTFNJ0IveOSP0bcXgVDPRcfGqA0pjaqUpfVg==}

  supports-color@7.2.0:
    resolution: {integrity: sha512-qpCAvRl9stuOHveKsn7HncJRvv501qIacKzQlO/+Lwxc9+0q2wLyv4Dfvt80/DPn2pqOBsJdDiogXGR9+OvwRw==}
    engines: {node: '>=8'}

  tslib@2.4.0:
    resolution: {integrity: sha512-d6xOpEDfsi2CZVlPQzGeux8XMwLT9hssAsaPYExaQMuYskwb+x1x7J371tWlbBdWHroy99KnVB6qIkUbs5X3UQ==}

  tsx@4.7.0:
    resolution: {integrity: sha512-I+t79RYPlEYlHn9a+KzwrvEwhJg35h/1zHsLC2JXvhC2mdynMv6Zxzvhv5EMV6VF5qJlLlkSnMVvdZV3PSIGcg==}
    engines: {node: '>=18.0.0'}
    hasBin: true

  typescript@5.3.3:
    resolution: {integrity: sha512-pXWcraxM0uxAS+tN0AG/BF2TyqmHO014Z070UsJ+pFvYuRSq8KH8DmWpnbXe0pEPDHXZV3FcAbJkijJ5oNEnWw==}
    engines: {node: '>=14.17'}
    hasBin: true

  viem@2.8.18:
    resolution: {integrity: sha512-Kq3kwkKziJ8rQeLkmdbSLheHDnA+tx2EdLKLmQ3N4FVtjKYjBP9tPL1r+fI6KltVUM1TDOhIHOdslDSp57VMMg==}
    peerDependencies:
      typescript: '>=5.0.4'
    peerDependenciesMeta:
      typescript:
        optional: true

  ws@8.13.0:
    resolution: {integrity: sha512-x9vcZYTrFPC7aSIbj7sRCYo7L/Xb8Iy+pW0ng0wt2vCJv7M9HOMy0UoN3rr+IFC7hb7vXoqS+P9ktyLLLhO+LA==}
    engines: {node: '>=10.0.0'}
    peerDependencies:
      bufferutil: ^4.0.1
      utf-8-validate: '>=5.0.2'
    peerDependenciesMeta:
      bufferutil:
        optional: true
      utf-8-validate:
        optional: true

  ws@8.17.1:
    resolution: {integrity: sha512-6XQFvXTkbfUOZOKKILFG1PDK2NDQs4azKQl26T0YS5CxqWLgXajbPZ+h4gZekJyRqFU8pvnbAbbs/3TgRPy+GQ==}
    engines: {node: '>=10.0.0'}
    peerDependencies:
      bufferutil: ^4.0.1
      utf-8-validate: '>=5.0.2'
    peerDependenciesMeta:
      bufferutil:
        optional: true
      utf-8-validate:
        optional: true

snapshots:

  '@adraffy/ens-normalize@1.10.0': {}

  '@adraffy/ens-normalize@1.10.1': {}

  '@axiom-crypto/circuit@2.1.1(typescript@5.3.3)':
    dependencies:
      '@axiom-crypto/halo2-lib-js': 0.3.4
      '@axiom-crypto/halo2-wasm': 0.3.4
      '@axiom-crypto/tools': 2.1.1
      commander: 11.1.0
      ethers: 6.13.1
      viem: 2.8.18(typescript@5.3.3)
    transitivePeerDependencies:
      - bufferutil
      - debug
      - typescript
      - utf-8-validate
      - zod

  '@axiom-crypto/client@2.1.1(typescript@5.3.3)':
    dependencies:
      '@axiom-crypto/circuit': 2.1.1(typescript@5.3.3)
      chalk: 4.1.2
      commander: 11.1.0
      prompts: 2.4.2
      viem: 2.8.18(typescript@5.3.3)
    transitivePeerDependencies:
      - bufferutil
      - debug
      - typescript
      - utf-8-validate
      - zod

  '@axiom-crypto/halo2-lib-js@0.3.4':
    dependencies:
      '@axiom-crypto/halo2-wasm': 0.3.4
      ethers: 6.13.1
      prettier: 1.18.2
    transitivePeerDependencies:
      - bufferutil
      - utf-8-validate

  '@axiom-crypto/halo2-wasm@0.3.4': {}

  '@axiom-crypto/tools@2.1.1':
    dependencies:
      axios: 1.7.2
      bs58: 5.0.0
      ethers: 6.13.1
      form-data: 4.0.0
    transitivePeerDependencies:
      - bufferutil
      - debug
      - utf-8-validate

  '@esbuild/aix-ppc64@0.19.11':
    optional: true

  '@esbuild/android-arm64@0.19.11':
    optional: true

  '@esbuild/android-arm@0.19.11':
    optional: true

  '@esbuild/android-x64@0.19.11':
    optional: true

  '@esbuild/darwin-arm64@0.19.11':
    optional: true

  '@esbuild/darwin-x64@0.19.11':
    optional: true

  '@esbuild/freebsd-arm64@0.19.11':
    optional: true

  '@esbuild/freebsd-x64@0.19.11':
    optional: true

  '@esbuild/linux-arm64@0.19.11':
    optional: true

  '@esbuild/linux-arm@0.19.11':
    optional: true

  '@esbuild/linux-ia32@0.19.11':
    optional: true

  '@esbuild/linux-loong64@0.19.11':
    optional: true

  '@esbuild/linux-mips64el@0.19.11':
    optional: true

  '@esbuild/linux-ppc64@0.19.11':
    optional: true

  '@esbuild/linux-riscv64@0.19.11':
    optional: true

  '@esbuild/linux-s390x@0.19.11':
    optional: true

  '@esbuild/linux-x64@0.19.11':
    optional: true

  '@esbuild/netbsd-x64@0.19.11':
    optional: true

  '@esbuild/openbsd-x64@0.19.11':
    optional: true

  '@esbuild/sunos-x64@0.19.11':
    optional: true

  '@esbuild/win32-arm64@0.19.11':
    optional: true

  '@esbuild/win32-ia32@0.19.11':
    optional: true

  '@esbuild/win32-x64@0.19.11':
    optional: true

  '@noble/curves@1.2.0':
    dependencies:
      '@noble/hashes': 1.3.2

  '@noble/hashes@1.3.2': {}

  '@scure/base@1.1.7': {}

  '@scure/bip32@1.3.2':
    dependencies:
      '@noble/curves': 1.2.0
      '@noble/hashes': 1.3.2
      '@scure/base': 1.1.7

  '@scure/bip39@1.2.1':
    dependencies:
      '@noble/hashes': 1.3.2
      '@scure/base': 1.1.7

  '@types/node@18.15.13': {}

  abitype@1.0.0(typescript@5.3.3):
    optionalDependencies:
      typescript: 5.3.3

  aes-js@4.0.0-beta.5: {}

  ansi-styles@4.3.0:
    dependencies:
      color-convert: 2.0.1

  asynckit@0.4.0: {}

  axios@1.7.2:
    dependencies:
      follow-redirects: 1.15.6
      form-data: 4.0.0
      proxy-from-env: 1.1.0
    transitivePeerDependencies:
      - debug

  base-x@4.0.0: {}

  bs58@5.0.0:
    dependencies:
      base-x: 4.0.0

  chalk@4.1.2:
    dependencies:
      ansi-styles: 4.3.0
      supports-color: 7.2.0

  color-convert@2.0.1:
    dependencies:
      color-name: 1.1.4

  color-name@1.1.4: {}

  combined-stream@1.0.8:
    dependencies:
      delayed-stream: 1.0.0

  commander@11.1.0: {}

  delayed-stream@1.0.0: {}

  dotenv@16.3.1: {}

  esbuild@0.19.11:
    optionalDependencies:
      '@esbuild/aix-ppc64': 0.19.11
      '@esbuild/android-arm': 0.19.11
      '@esbuild/android-arm64': 0.19.11
      '@esbuild/android-x64': 0.19.11
      '@esbuild/darwin-arm64': 0.19.11
      '@esbuild/darwin-x64': 0.19.11
      '@esbuild/freebsd-arm64': 0.19.11
      '@esbuild/freebsd-x64': 0.19.11
      '@esbuild/linux-arm': 0.19.11
      '@esbuild/linux-arm64': 0.19.11
      '@esbuild/linux-ia32': 0.19.11
      '@esbuild/linux-loong64': 0.19.11
      '@esbuild/linux-mips64el': 0.19.11
      '@esbuild/linux-ppc64': 0.19.11
      '@esbuild/linux-riscv64': 0.19.11
      '@esbuild/linux-s390x': 0.19.11
      '@esbuild/linux-x64': 0.19.11
      '@esbuild/netbsd-x64': 0.19.11
      '@esbuild/openbsd-x64': 0.19.11
      '@esbuild/sunos-x64': 0.19.11
      '@esbuild/win32-arm64': 0.19.11
      '@esbuild/win32-ia32': 0.19.11
      '@esbuild/win32-x64': 0.19.11

  ethers@6.13.1:
    dependencies:
      '@adraffy/ens-normalize': 1.10.1
      '@noble/curves': 1.2.0
      '@noble/hashes': 1.3.2
      '@types/node': 18.15.13
      aes-js: 4.0.0-beta.5
      tslib: 2.4.0
      ws: 8.17.1
    transitivePeerDependencies:
      - bufferutil
      - utf-8-validate

  follow-redirects@1.15.6: {}

  form-data@4.0.0:
    dependencies:
      asynckit: 0.4.0
      combined-stream: 1.0.8
      mime-types: 2.1.35

  fsevents@2.3.3:
    optional: true

  get-tsconfig@4.7.2:
    dependencies:
      resolve-pkg-maps: 1.0.0

  has-flag@4.0.0: {}

  isows@1.0.3(ws@8.13.0):
    dependencies:
      ws: 8.13.0

  kleur@3.0.3: {}

  mime-db@1.52.0: {}

  mime-types@2.1.35:
    dependencies:
      mime-db: 1.52.0

  prettier@1.18.2: {}

  prompts@2.4.2:
    dependencies:
      kleur: 3.0.3
      sisteransi: 1.0.5

  proxy-from-env@1.1.0: {}

  resolve-pkg-maps@1.0.0: {}

  sisteransi@1.0.5: {}

  supports-color@7.2.0:
    dependencies:
      has-flag: 4.0.0

  tslib@2.4.0: {}

  tsx@4.7.0:
    dependencies:
      esbuild: 0.19.11
      get-tsconfig: 4.7.2
    optionalDependencies:
      fsevents: 2.3.3

  typescript@5.3.3: {}

  viem@2.8.18(typescript@5.3.3):
    dependencies:
      '@adraffy/ens-normalize': 1.10.0
      '@noble/curves': 1.2.0
      '@noble/hashes': 1.3.2
      '@scure/bip32': 1.3.2
      '@scure/bip39': 1.2.1
      abitype: 1.0.0(typescript@5.3.3)
      isows: 1.0.3(ws@8.13.0)
      ws: 8.13.0
    optionalDependencies:
      typescript: 5.3.3
    transitivePeerDependencies:
      - bufferutil
      - utf-8-validate
      - zod

  ws@8.13.0: {}

  ws@8.17.1: {}
